
Microsoft Visual Studio Solution File, Format Version 12.00
# Visual Studio Version 16
VisualStudioVersion = 16.0.31025.194
MinimumVisualStudioVersion = 10.0.40219.1
Project("{FAE04EC0-301F-11D3-BF4B-00C04F79EFBC}") = "EasyWebClient", "EasyWebClient\EasyWebClient.csproj", "{88ACB827-F40B-4DDA-8AF4-7ADB38327ADE}"
EndProject
Project("{FAE04EC0-301F-11D3-BF4B-00C04F79EFBC}") = "UnitTests", "UnitTests\UnitTests.csproj", "{7F105491-82B3-4BAC-9904-F48C0E6F1E3D}"
EndProject
Global
	GlobalSection(SolutionConfigurationPlatforms) = preSolution
		Debug|Any CPU = Debug|Any CPU
		Release|Any CPU = Release|Any CPU
	EndGlobalSection
	GlobalSection(ProjectConfigurationPlatforms) = postSolution
		{88ACB827-F40B-4DDA-8AF4-7ADB38327ADE}.Debug|Any CPU.ActiveCfg = Debug|Any CPU
		{88ACB827-F40B-4DDA-8AF4-7ADB38327ADE}.Debug|Any CPU.Build.0 = Debug|Any CPU
		{88ACB827-F40B-4DDA-8AF4-7ADB38327ADE}.Release|Any CPU.ActiveCfg = Release|Any CPU
		{88ACB827-F40B-4DDA-8AF4-7ADB38327ADE}.Release|Any CPU.Build.0 = Release|Any CPU
		{7F105491-82B3-4BAC-9904-F48C0E6F1E3D}.Debug|Any CPU.ActiveCfg = Debug|Any CPU
		{7F105491-82B3-4BAC-9904-F48C0E6F1E3D}.Debug|Any CPU.Build.0 = Debug|Any CPU
		{7F105491-82B3-4BAC-9904-F48C0E6F1E3D}.Release|Any CPU.ActiveCfg = Release|Any CPU
		{7F105491-82B3-4BAC-9904-F48C0E6F1E3D}.Release|Any CPU.Build.0 = Release|Any CPU
	EndGlobalSection
	GlobalSection(SolutionProperties) = preSolution
		HideSolutionNode = FALSE
	EndGlobalSection
	GlobalSection(ExtensibilityGlobals) = postSolution
		SolutionGuid = {CAD68E77-A5D0-47AE-A10B-68982F685A9C}
	EndGlobalSection
EndGlobal
